
Microsoft Visual Studio Solution File, Format Version 12.00
# Visual Studio Version 16
VisualStudioVersion = 16.0.31005.135
MinimumVisualStudioVersion = 10.0.40219.1
Project("{9A19103F-16F7-4668-BE54-9A1E7A4F7556}") = "TriangleExistence", "TriangleExistence\TriangleExistence.csproj", "{E74291C6-54A9-4734-9E8A-648AE01F51DF}"
EndProject
Project("{FAE04EC0-301F-11D3-BF4B-00C04F79EFBC}") = "TestProject", "TestProject\TestProject.csproj", "{396BEF40-635E-46E0-949C-332EE8B705B6}"
EndProject
Global
	GlobalSection(SolutionConfigurationPlatforms) = preSolution
		Debug|Any CPU = Debug|Any CPU
		Release|Any CPU = Release|Any CPU
	EndGlobalSection
	GlobalSection(ProjectConfigurationPlatforms) = postSolution
		{E74291C6-54A9-4734-9E8A-648AE01F51DF}.Debug|Any CPU.ActiveCfg = Debug|Any CPU
		{E74291C6-54A9-4734-9E8A-648AE01F51DF}.Debug|Any CPU.Build.0 = Debug|Any CPU
		{E74291C6-54A9-4734-9E8A-648AE01F51DF}.Release|Any CPU.ActiveCfg = Release|Any CPU
		{E74291C6-54A9-4734-9E8A-648AE01F51DF}.Release|Any CPU.Build.0 = Release|Any CPU
		{396BEF40-635E-46E0-949C-332EE8B705B6}.Debug|Any CPU.ActiveCfg = Debug|Any CPU
		{396BEF40-635E-46E0-949C-332EE8B705B6}.Debug|Any CPU.Build.0 = Debug|Any CPU
		{396BEF40-635E-46E0-949C-332EE8B705B6}.Release|Any CPU.ActiveCfg = Release|Any CPU
		{396BEF40-635E-46E0-949C-332EE8B705B6}.Release|Any CPU.Build.0 = Release|Any CPU
	EndGlobalSection
	GlobalSection(SolutionProperties) = preSolution
		HideSolutionNode = FALSE
	EndGlobalSection
	GlobalSection(ExtensibilityGlobals) = postSolution
		SolutionGuid = {526138A8-B1E9-455F-817F-0A1E41D20C96}
	EndGlobalSection
EndGlobal
